// !$*UTF8*$!
{
	archiveVersion = 1;
	classes = {
	};
	objectVersion = 48;
	objects = {

/* Begin PBXBuildFile section */
		3805814220B318B8004A9720 /* SettingsViewController.swift in Sources */ = {isa = PBXBuildFile; fileRef = 3805814120B318B7004A9720 /* SettingsViewController.swift */; };
		3805814420B32D3D004A9720 /* SetBoolCell.swift in Sources */ = {isa = PBXBuildFile; fileRef = 3805814320B32D3D004A9720 /* SetBoolCell.swift */; };
		3805814620B32D6D004A9720 /* SetStringCell.swift in Sources */ = {isa = PBXBuildFile; fileRef = 3805814520B32D6D004A9720 /* SetStringCell.swift */; };
		384BBBC920B3380C00D1381F /* SetNumberCell.swift in Sources */ = {isa = PBXBuildFile; fileRef = 384BBBC820B3380C00D1381F /* SetNumberCell.swift */; };
		384BBBCB20B346FC00D1381F /* ButtonCell.swift in Sources */ = {isa = PBXBuildFile; fileRef = 384BBBCA20B346FC00D1381F /* ButtonCell.swift */; };
		384BBBCD20B34EC400D1381F /* PreviewViewController.swift in Sources */ = {isa = PBXBuildFile; fileRef = 384BBBCC20B34EC400D1381F /* PreviewViewController.swift */; };
		384BBBCF20B3C26600D1381F /* log.swift in Sources */ = {isa = PBXBuildFile; fileRef = 384BBBCE20B3C26600D1381F /* log.swift */; };
		38CE558D2097EC2900C8F879 /* sound.swift in Sources */ = {isa = PBXBuildFile; fileRef = 38CE558C2097EC2900C8F879 /* sound.swift */; };
		38DC0A7620332E2400F56EA6 /* AppDelegate.swift in Sources */ = {isa = PBXBuildFile; fileRef = 38DC0A7520332E2400F56EA6 /* AppDelegate.swift */; };
		38DC0A7820332E2400F56EA6 /* ViewController.swift in Sources */ = {isa = PBXBuildFile; fileRef = 38DC0A7720332E2400F56EA6 /* ViewController.swift */; };
		38DC0A7B20332E2400F56EA6 /* Main.storyboard in Resources */ = {isa = PBXBuildFile; fileRef = 38DC0A7920332E2400F56EA6 /* Main.storyboard */; };
		38DC0A7D20332E2400F56EA6 /* Assets.xcassets in Resources */ = {isa = PBXBuildFile; fileRef = 38DC0A7C20332E2400F56EA6 /* Assets.xcassets */; };
		38DC0A8020332E2400F56EA6 /* LaunchScreen.storyboard in Resources */ = {isa = PBXBuildFile; fileRef = 38DC0A7E20332E2400F56EA6 /* LaunchScreen.storyboard */; };
		38DC0A8B20332E2500F56EA6 /* bcTests.swift in Sources */ = {isa = PBXBuildFile; fileRef = 38DC0A8A20332E2500F56EA6 /* bcTests.swift */; };
		38F617962099C7120022FBBA /* math.swift in Sources */ = {isa = PBXBuildFile; fileRef = 38F617952099C7120022FBBA /* math.swift */; };
		38F61798209A01920022FBBA /* NoiseGen.swift in Sources */ = {isa = PBXBuildFile; fileRef = 38F61797209A01920022FBBA /* NoiseGen.swift */; };
		38F6179A209A022C0022FBBA /* Graphics.swift in Sources */ = {isa = PBXBuildFile; fileRef = 38F61799209A022C0022FBBA /* Graphics.swift */; };
/* End PBXBuildFile section */

/* Begin PBXContainerItemProxy section */
		38DC0A8720332E2500F56EA6 /* PBXContainerItemProxy */ = {
			isa = PBXContainerItemProxy;
			containerPortal = 38DC0A6A20332E2400F56EA6 /* Project object */;
			proxyType = 1;
			remoteGlobalIDString = 38DC0A7120332E2400F56EA6;
			remoteInfo = bc;
		};
/* End PBXContainerItemProxy section */

/* Begin PBXFileReference section */
		3805814120B318B7004A9720 /* SettingsViewController.swift */ = {isa = PBXFileReference; lastKnownFileType = sourcecode.swift; path = SettingsViewController.swift; sourceTree = "<group>"; };
		3805814320B32D3D004A9720 /* SetBoolCell.swift */ = {isa = PBXFileReference; lastKnownFileType = sourcecode.swift; path = SetBoolCell.swift; sourceTree = "<group>"; };
		3805814520B32D6D004A9720 /* SetStringCell.swift */ = {isa = PBXFileReference; lastKnownFileType = sourcecode.swift; path = SetStringCell.swift; sourceTree = "<group>"; };
		384BBBC820B3380C00D1381F /* SetNumberCell.swift */ = {isa = PBXFileReference; lastKnownFileType = sourcecode.swift; path = SetNumberCell.swift; sourceTree = "<group>"; };
		384BBBCA20B346FC00D1381F /* ButtonCell.swift */ = {isa = PBXFileReference; lastKnownFileType = sourcecode.swift; path = ButtonCell.swift; sourceTree = "<group>"; };
		384BBBCC20B34EC400D1381F /* PreviewViewController.swift */ = {isa = PBXFileReference; lastKnownFileType = sourcecode.swift; path = PreviewViewController.swift; sourceTree = "<group>"; };
		384BBBCE20B3C26600D1381F /* log.swift */ = {isa = PBXFileReference; lastKnownFileType = sourcecode.swift; path = log.swift; sourceTree = "<group>"; };
		38CE558C2097EC2900C8F879 /* sound.swift */ = {isa = PBXFileReference; lastKnownFileType = sourcecode.swift; path = sound.swift; sourceTree = "<group>"; };
		38DC0A7220332E2400F56EA6 /* Bc.app */ = {isa = PBXFileReference; explicitFileType = wrapper.application; includeInIndex = 0; path = Bc.app; sourceTree = BUILT_PRODUCTS_DIR; };
		38DC0A7520332E2400F56EA6 /* AppDelegate.swift */ = {isa = PBXFileReference; lastKnownFileType = sourcecode.swift; path = AppDelegate.swift; sourceTree = "<group>"; };
		38DC0A7720332E2400F56EA6 /* ViewController.swift */ = {isa = PBXFileReference; lastKnownFileType = sourcecode.swift; path = ViewController.swift; sourceTree = "<group>"; };
		38DC0A7A20332E2400F56EA6 /* Base */ = {isa = PBXFileReference; lastKnownFileType = file.storyboard; name = Base; path = Base.lproj/Main.storyboard; sourceTree = "<group>"; };
		38DC0A7C20332E2400F56EA6 /* Assets.xcassets */ = {isa = PBXFileReference; lastKnownFileType = folder.assetcatalog; path = Assets.xcassets; sourceTree = "<group>"; };
		38DC0A7F20332E2400F56EA6 /* Base */ = {isa = PBXFileReference; lastKnownFileType = file.storyboard; name = Base; path = Base.lproj/LaunchScreen.storyboard; sourceTree = "<group>"; };
		38DC0A8120332E2400F56EA6 /* Info.plist */ = {isa = PBXFileReference; lastKnownFileType = text.plist.xml; path = Info.plist; sourceTree = "<group>"; };
		38DC0A8620332E2500F56EA6 /* BcTests.xctest */ = {isa = PBXFileReference; explicitFileType = wrapper.cfbundle; includeInIndex = 0; path = BcTests.xctest; sourceTree = BUILT_PRODUCTS_DIR; };
		38DC0A8A20332E2500F56EA6 /* bcTests.swift */ = {isa = PBXFileReference; lastKnownFileType = sourcecode.swift; path = bcTests.swift; sourceTree = "<group>"; };
		38DC0A8C20332E2500F56EA6 /* Info.plist */ = {isa = PBXFileReference; lastKnownFileType = text.plist.xml; path = Info.plist; sourceTree = "<group>"; };
		38F617952099C7120022FBBA /* math.swift */ = {isa = PBXFileReference; lastKnownFileType = sourcecode.swift; path = math.swift; sourceTree = "<group>"; };
		38F61797209A01920022FBBA /* NoiseGen.swift */ = {isa = PBXFileReference; lastKnownFileType = sourcecode.swift; path = NoiseGen.swift; sourceTree = "<group>"; };
		38F61799209A022C0022FBBA /* Graphics.swift */ = {isa = PBXFileReference; lastKnownFileType = sourcecode.swift; path = Graphics.swift; sourceTree = "<group>"; };
/* End PBXFileReference section */

/* Begin PBXFrameworksBuildPhase section */
		38DC0A6F20332E2400F56EA6 /* Frameworks */ = {
			isa = PBXFrameworksBuildPhase;
			buildActionMask = 2147483647;
			files = (
			);
			runOnlyForDeploymentPostprocessing = 0;
		};
		38DC0A8320332E2500F56EA6 /* Frameworks */ = {
			isa = PBXFrameworksBuildPhase;
			buildActionMask = 2147483647;
			files = (
			);
			runOnlyForDeploymentPostprocessing = 0;
		};
/* End PBXFrameworksBuildPhase section */

/* Begin PBXGroup section */
		3805814720B32D75004A9720 /* SettingsController */ = {
			isa = PBXGroup;
			children = (
				3805814120B318B7004A9720 /* SettingsViewController.swift */,
				384BBBC820B3380C00D1381F /* SetNumberCell.swift */,
				3805814520B32D6D004A9720 /* SetStringCell.swift */,
				3805814320B32D3D004A9720 /* SetBoolCell.swift */,
				384BBBCA20B346FC00D1381F /* ButtonCell.swift */,
			);
			path = SettingsController;
			sourceTree = "<group>";
		};
		38DC0A6920332E2400F56EA6 = {
			isa = PBXGroup;
			children = (
				38DC0A7420332E2400F56EA6 /* Bc */,
				38DC0A8920332E2500F56EA6 /* Bc2Tests */,
				38DC0A7320332E2400F56EA6 /* Products */,
			);
			sourceTree = "<group>";
		};
		38DC0A7320332E2400F56EA6 /* Products */ = {
			isa = PBXGroup;
			children = (
				38DC0A7220332E2400F56EA6 /* Bc.app */,
				38DC0A8620332E2500F56EA6 /* BcTests.xctest */,
			);
			name = Products;
			sourceTree = "<group>";
		};
		38DC0A7420332E2400F56EA6 /* Bc */ = {
			isa = PBXGroup;
			children = (
				38F61799209A022C0022FBBA /* Graphics.swift */,
				38DC0A7520332E2400F56EA6 /* AppDelegate.swift */,
				38DC0A7720332E2400F56EA6 /* ViewController.swift */,
				384BBBCE20B3C26600D1381F /* log.swift */,
				384BBBCC20B34EC400D1381F /* PreviewViewController.swift */,
				3805814720B32D75004A9720 /* SettingsController */,
				38F61797209A01920022FBBA /* NoiseGen.swift */,
				38DC0A7920332E2400F56EA6 /* Main.storyboard */,
				38DC0A7C20332E2400F56EA6 /* Assets.xcassets */,
				38DC0A7E20332E2400F56EA6 /* LaunchScreen.storyboard */,
				38F617952099C7120022FBBA /* math.swift */,
				38DC0A8120332E2400F56EA6 /* Info.plist */,
				38CE558C2097EC2900C8F879 /* sound.swift */,
			);
			path = Bc;
			sourceTree = "<group>";
		};
		38DC0A8920332E2500F56EA6 /* Bc2Tests */ = {
			isa = PBXGroup;
			children = (
				38DC0A8A20332E2500F56EA6 /* bcTests.swift */,
				38DC0A8C20332E2500F56EA6 /* Info.plist */,
			);
			path = Bc2Tests;
			sourceTree = "<group>";
		};
/* End PBXGroup section */

/* Begin PBXNativeTarget section */
		38DC0A7120332E2400F56EA6 /* Bc */ = {
			isa = PBXNativeTarget;
			buildConfigurationList = 38DC0A8F20332E2500F56EA6 /* Build configuration list for PBXNativeTarget "Bc" */;
			buildPhases = (
				38DC0A6E20332E2400F56EA6 /* Sources */,
				38DC0A6F20332E2400F56EA6 /* Frameworks */,
				38DC0A7020332E2400F56EA6 /* Resources */,
			);
			buildRules = (
			);
			dependencies = (
			);
			name = Bc;
			productName = bc;
			productReference = 38DC0A7220332E2400F56EA6 /* Bc.app */;
			productType = "com.apple.product-type.application";
		};
		38DC0A8520332E2500F56EA6 /* BcTests */ = {
			isa = PBXNativeTarget;
			buildConfigurationList = 38DC0A9220332E2500F56EA6 /* Build configuration list for PBXNativeTarget "BcTests" */;
			buildPhases = (
				38DC0A8220332E2500F56EA6 /* Sources */,
				38DC0A8320332E2500F56EA6 /* Frameworks */,
				38DC0A8420332E2500F56EA6 /* Resources */,
			);
			buildRules = (
			);
			dependencies = (
				38DC0A8820332E2500F56EA6 /* PBXTargetDependency */,
			);
			name = BcTests;
			productName = bcTests;
			productReference = 38DC0A8620332E2500F56EA6 /* BcTests.xctest */;
			productType = "com.apple.product-type.bundle.unit-test";
		};
/* End PBXNativeTarget section */

/* Begin PBXProject section */
		38DC0A6A20332E2400F56EA6 /* Project object */ = {
			isa = PBXProject;
			attributes = {
				LastSwiftUpdateCheck = 0920;
				LastUpgradeCheck = 0920;
				ORGANIZATIONNAME = Viki;
				TargetAttributes = {
					38DC0A7120332E2400F56EA6 = {
						CreatedOnToolsVersion = 9.2;
						LastSwiftMigration = 0920;
						ProvisioningStyle = Automatic;
					};
					38DC0A8520332E2500F56EA6 = {
						CreatedOnToolsVersion = 9.2;
						ProvisioningStyle = Automatic;
						TestTargetID = 38DC0A7120332E2400F56EA6;
					};
				};
			};
			buildConfigurationList = 38DC0A6D20332E2400F56EA6 /* Build configuration list for PBXProject "Bc" */;
			compatibilityVersion = "Xcode 8.0";
			developmentRegion = en;
			hasScannedForEncodings = 0;
			knownRegions = (
				en,
				Base,
			);
			mainGroup = 38DC0A6920332E2400F56EA6;
			productRefGroup = 38DC0A7320332E2400F56EA6 /* Products */;
			projectDirPath = "";
			projectRoot = "";
			targets = (
				38DC0A7120332E2400F56EA6 /* Bc */,
				38DC0A8520332E2500F56EA6 /* BcTests */,
			);
		};
/* End PBXProject section */

/* Begin PBXResourcesBuildPhase section */
		38DC0A7020332E2400F56EA6 /* Resources */ = {
			isa = PBXResourcesBuildPhase;
			buildActionMask = 2147483647;
			files = (
				38DC0A8020332E2400F56EA6 /* LaunchScreen.storyboard in Resources */,
				38DC0A7D20332E2400F56EA6 /* Assets.xcassets in Resources */,
				38DC0A7B20332E2400F56EA6 /* Main.storyboard in Resources */,
			);
			runOnlyForDeploymentPostprocessing = 0;
		};
		38DC0A8420332E2500F56EA6 /* Resources */ = {
			isa = PBXResourcesBuildPhase;
			buildActionMask = 2147483647;
			files = (
			);
			runOnlyForDeploymentPostprocessing = 0;
		};
/* End PBXResourcesBuildPhase section */

/* Begin PBXSourcesBuildPhase section */
		38DC0A6E20332E2400F56EA6 /* Sources */ = {
			isa = PBXSourcesBuildPhase;
			buildActionMask = 2147483647;
			files = (
				38F6179A209A022C0022FBBA /* Graphics.swift in Sources */,
				3805814620B32D6D004A9720 /* SetStringCell.swift in Sources */,
				38DC0A7820332E2400F56EA6 /* ViewController.swift in Sources */,
				3805814220B318B8004A9720 /* SettingsViewController.swift in Sources */,
				38DC0A7620332E2400F56EA6 /* AppDelegate.swift in Sources */,
				3805814420B32D3D004A9720 /* SetBoolCell.swift in Sources */,
				38F61798209A01920022FBBA /* NoiseGen.swift in Sources */,
				38CE558D2097EC2900C8F879 /* sound.swift in Sources */,
				384BBBCB20B346FC00D1381F /* ButtonCell.swift in Sources */,
				38F617962099C7120022FBBA /* math.swift in Sources */,
				384BBBC920B3380C00D1381F /* SetNumberCell.swift in Sources */,
				384BBBCF20B3C26600D1381F /* log.swift in Sources */,
				384BBBCD20B34EC400D1381F /* PreviewViewController.swift in Sources */,
			);
			runOnlyForDeploymentPostprocessing = 0;
		};
		38DC0A8220332E2500F56EA6 /* Sources */ = {
			isa = PBXSourcesBuildPhase;
			buildActionMask = 2147483647;
			files = (
				38DC0A8B20332E2500F56EA6 /* bcTests.swift in Sources */,
			);
			runOnlyForDeploymentPostprocessing = 0;
		};
/* End PBXSourcesBuildPhase section */

/* Begin PBXTargetDependency section */
		38DC0A8820332E2500F56EA6 /* PBXTargetDependency */ = {
			isa = PBXTargetDependency;
			target = 38DC0A7120332E2400F56EA6 /* Bc */;
			targetProxy = 38DC0A8720332E2500F56EA6 /* PBXContainerItemProxy */;
		};
/* End PBXTargetDependency section */

/* Begin PBXVariantGroup section */
		38DC0A7920332E2400F56EA6 /* Main.storyboard */ = {
			isa = PBXVariantGroup;
			children = (
				38DC0A7A20332E2400F56EA6 /* Base */,
			);
			name = Main.storyboard;
			sourceTree = "<group>";
		};
		38DC0A7E20332E2400F56EA6 /* LaunchScreen.storyboard */ = {
			isa = PBXVariantGroup;
			children = (
				38DC0A7F20332E2400F56EA6 /* Base */,
			);
			name = LaunchScreen.storyboard;
			sourceTree = "<group>";
		};
/* End PBXVariantGroup section */

/* Begin XCBuildConfiguration section */
		38DC0A8D20332E2500F56EA6 /* Debug */ = {
			isa = XCBuildConfiguration;
			buildSettings = {
				ALWAYS_SEARCH_USER_PATHS = NO;
				CLANG_ANALYZER_NONNULL = YES;
				CLANG_ANALYZER_NUMBER_OBJECT_CONVERSION = YES_AGGRESSIVE;
				CLANG_CXX_LANGUAGE_STANDARD = "gnu++14";
				CLANG_CXX_LIBRARY = "libc++";
				CLANG_ENABLE_MODULES = YES;
				CLANG_ENABLE_OBJC_ARC = YES;
				CLANG_WARN_BLOCK_CAPTURE_AUTORELEASING = YES;
				CLANG_WARN_BOOL_CONVERSION = YES;
				CLANG_WARN_COMMA = YES;
				CLANG_WARN_CONSTANT_CONVERSION = YES;
				CLANG_WARN_DIRECT_OBJC_ISA_USAGE = YES_ERROR;
				CLANG_WARN_DOCUMENTATION_COMMENTS = YES;
				CLANG_WARN_EMPTY_BODY = YES;
				CLANG_WARN_ENUM_CONVERSION = YES;
				CLANG_WARN_INFINITE_RECURSION = YES;
				CLANG_WARN_INT_CONVERSION = YES;
				CLANG_WARN_NON_LITERAL_NULL_CONVERSION = YES;
				CLANG_WARN_OBJC_LITERAL_CONVERSION = YES;
				CLANG_WARN_OBJC_ROOT_CLASS = YES_ERROR;
				CLANG_WARN_RANGE_LOOP_ANALYSIS = YES;
				CLANG_WARN_STRICT_PROTOTYPES = YES;
				CLANG_WARN_SUSPICIOUS_MOVE = YES;
				CLANG_WARN_UNGUARDED_AVAILABILITY = YES_AGGRESSIVE;
				CLANG_WARN_UNREACHABLE_CODE = YES;
				CLANG_WARN__DUPLICATE_METHOD_MATCH = YES;
				CODE_SIGN_IDENTITY = "iPhone Developer";
				COPY_PHASE_STRIP = NO;
				DEBUG_INFORMATION_FORMAT = dwarf;
				ENABLE_STRICT_OBJC_MSGSEND = YES;
				ENABLE_TESTABILITY = YES;
				GCC_C_LANGUAGE_STANDARD = gnu11;
				GCC_DYNAMIC_NO_PIC = NO;
				GCC_NO_COMMON_BLOCKS = YES;
				GCC_OPTIMIZATION_LEVEL = 0;
				GCC_PREPROCESSOR_DEFINITIONS = (
					"DEBUG=1",
					"$(inherited)",
				);
				GCC_WARN_64_TO_32_BIT_CONVERSION = YES;
				GCC_WARN_ABOUT_RETURN_TYPE = YES_ERROR;
				GCC_WARN_UNDECLARED_SELECTOR = YES;
				GCC_WARN_UNINITIALIZED_AUTOS = YES_AGGRESSIVE;
				GCC_WARN_UNUSED_FUNCTION = YES;
				GCC_WARN_UNUSED_VARIABLE = YES;
				IPHONEOS_DEPLOYMENT_TARGET = 11.2;
				MTL_ENABLE_DEBUG_INFO = YES;
				ONLY_ACTIVE_ARCH = YES;
				SDKROOT = iphoneos;
				SWIFT_ACTIVE_COMPILATION_CONDITIONS = DEBUG;
				SWIFT_OPTIMIZATION_LEVEL = "-Onone";
			};
			name = Debug;
		};
		38DC0A8E20332E2500F56EA6 /* Release */ = {
			isa = XCBuildConfiguration;
			buildSettings = {
				ALWAYS_SEARCH_USER_PATHS = NO;
				CLANG_ANALYZER_NONNULL = YES;
				CLANG_ANALYZER_NUMBER_OBJECT_CONVERSION = YES_AGGRESSIVE;
				CLANG_CXX_LANGUAGE_STANDARD = "gnu++14";
				CLANG_CXX_LIBRARY = "libc++";
				CLANG_ENABLE_MODULES = YES;
				CLANG_ENABLE_OBJC_ARC = YES;
				CLANG_WARN_BLOCK_CAPTURE_AUTORELEASING = YES;
				CLANG_WARN_BOOL_CONVERSION = YES;
				CLANG_WARN_COMMA = YES;
				CLANG_WARN_CONSTANT_CONVERSION = YES;
				CLANG_WARN_DIRECT_OBJC_ISA_USAGE = YES_ERROR;
				CLANG_WARN_DOCUMENTATION_COMMENTS = YES;
				CLANG_WARN_EMPTY_BODY = YES;
				CLANG_WARN_ENUM_CONVERSION = YES;
				CLANG_WARN_INFINITE_RECURSION = YES;
				CLANG_WARN_INT_CONVERSION = YES;
				CLANG_WARN_NON_LITERAL_NULL_CONVERSION = YES;
				CLANG_WARN_OBJC_LITERAL_CONVERSION = YES;
				CLANG_WARN_OBJC_ROOT_CLASS = YES_ERROR;
				CLANG_WARN_RANGE_LOOP_ANALYSIS = YES;
				CLANG_WARN_STRICT_PROTOTYPES = YES;
				CLANG_WARN_SUSPICIOUS_MOVE = YES;
				CLANG_WARN_UNGUARDED_AVAILABILITY = YES_AGGRESSIVE;
				CLANG_WARN_UNREACHABLE_CODE = YES;
				CLANG_WARN__DUPLICATE_METHOD_MATCH = YES;
				CODE_SIGN_IDENTITY = "iPhone Developer";
				COPY_PHASE_STRIP = NO;
				DEBUG_INFORMATION_FORMAT = "dwarf-with-dsym";
				ENABLE_NS_ASSERTIONS = NO;
				ENABLE_STRICT_OBJC_MSGSEND = YES;
				GCC_C_LANGUAGE_STANDARD = gnu11;
				GCC_NO_COMMON_BLOCKS = YES;
				GCC_WARN_64_TO_32_BIT_CONVERSION = YES;
				GCC_WARN_ABOUT_RETURN_TYPE = YES_ERROR;
				GCC_WARN_UNDECLARED_SELECTOR = YES;
				GCC_WARN_UNINITIALIZED_AUTOS = YES_AGGRESSIVE;
				GCC_WARN_UNUSED_FUNCTION = YES;
				GCC_WARN_UNUSED_VARIABLE = YES;
				IPHONEOS_DEPLOYMENT_TARGET = 11.2;
				MTL_ENABLE_DEBUG_INFO = NO;
				SDKROOT = iphoneos;
				SWIFT_OPTIMIZATION_LEVEL = "-Owholemodule";
				VALIDATE_PRODUCT = NO;
			};
			name = Release;
		};
		38DC0A9020332E2500F56EA6 /* Debug */ = {
			isa = XCBuildConfiguration;
			buildSettings = {
				ASSETCATALOG_COMPILER_APPICON_NAME = AppIcon;
				CLANG_ENABLE_MODULES = YES;
				CODE_SIGN_STYLE = Automatic;
				DEVELOPMENT_TEAM = MJ5B29WMP3;
				INFOPLIST_FILE = bc/Info.plist;
				IPHONEOS_DEPLOYMENT_TARGET = 10.0;
				LD_RUNPATH_SEARCH_PATHS = "$(inherited) @executable_path/Frameworks";
				PRODUCT_BUNDLE_IDENTIFIER = cz.idonthaveacompany.bc;
				PRODUCT_NAME = "$(TARGET_NAME)";
				SWIFT_OBJC_BRIDGING_HEADER = "Bc/bc-Bridging-Header.h";
				SWIFT_OPTIMIZATION_LEVEL = "-Onone";
				SWIFT_VERSION = 4.0;
				TARGETED_DEVICE_FAMILY = 2;
			};
			name = Debug;
		};
		38DC0A9120332E2500F56EA6 /* Release */ = {
			isa = XCBuildConfiguration;
			buildSettings = {
				ASSETCATALOG_COMPILER_APPICON_NAME = AppIcon;
				CLANG_ENABLE_MODULES = YES;
				CODE_SIGN_STYLE = Automatic;
				DEVELOPMENT_TEAM = MJ5B29WMP3;
				INFOPLIST_FILE = bc/Info.plist;
				IPHONEOS_DEPLOYMENT_TARGET = 10.0;
				LD_RUNPATH_SEARCH_PATHS = "$(inherited) @executable_path/Frameworks";
				PRODUCT_BUNDLE_IDENTIFIER = cz.idonthaveacompany.bc;
				PRODUCT_NAME = "$(TARGET_NAME)";
				SWIFT_OBJC_BRIDGING_HEADER = "Bc/bc-Bridging-Header.h";
				SWIFT_VERSION = 4.0;
				TARGETED_DEVICE_FAMILY = 2;
			};
			name = Release;
		};
		38DC0A9320332E2500F56EA6 /* Debug */ = {
			isa = XCBuildConfiguration;
			buildSettings = {
				ALWAYS_EMBED_SWIFT_STANDARD_LIBRARIES = YES;
				BUNDLE_LOADER = "$(TEST_HOST)";
				CODE_SIGN_STYLE = Automatic;
				INFOPLIST_FILE = bcTests/Info.plist;
				LD_RUNPATH_SEARCH_PATHS = "$(inherited) @executable_path/Frameworks @loader_path/Frameworks";
				PRODUCT_BUNDLE_IDENTIFIER = cz.idonthaveacompany.bcTests;
				PRODUCT_NAME = "$(TARGET_NAME)";
				SWIFT_VERSION = 4.0;
				TARGETED_DEVICE_FAMILY = "1,2";
				TEST_HOST = "$(BUILT_PRODUCTS_DIR)/Bc.app/Bc";
			};
			name = Debug;
		};
		38DC0A9420332E2500F56EA6 /* Release */ = {
			isa = XCBuildConfiguration;
			buildSettings = {
				ALWAYS_EMBED_SWIFT_STANDARD_LIBRARIES = YES;
				BUNDLE_LOADER = "$(TEST_HOST)";
				CODE_SIGN_STYLE = Automatic;
				INFOPLIST_FILE = bcTests/Info.plist;
				LD_RUNPATH_SEARCH_PATHS = "$(inherited) @executable_path/Frameworks @loader_path/Frameworks";
				PRODUCT_BUNDLE_IDENTIFIER = cz.idonthaveacompany.bcTests;
				PRODUCT_NAME = "$(TARGET_NAME)";
				SWIFT_VERSION = 4.0;
				TARGETED_DEVICE_FAMILY = "1,2";
				TEST_HOST = "$(BUILT_PRODUCTS_DIR)/Bc.app/Bc";
			};
			name = Release;
		};
/* End XCBuildConfiguration section */

/* Begin XCConfigurationList section */
		38DC0A6D20332E2400F56EA6 /* Build configuration list for PBXProject "Bc" */ = {
			isa = XCConfigurationList;
			buildConfigurations = (
				38DC0A8D20332E2500F56EA6 /* Debug */,
				38DC0A8E20332E2500F56EA6 /* Release */,
			);
			defaultConfigurationIsVisible = 0;
			defaultConfigurationName = Release;
		};
		38DC0A8F20332E2500F56EA6 /* Build configuration list for PBXNativeTarget "Bc" */ = {
			isa = XCConfigurationList;
			buildConfigurations = (
				38DC0A9020332E2500F56EA6 /* Debug */,
				38DC0A9120332E2500F56EA6 /* Release */,
			);
			defaultConfigurationIsVisible = 0;
			defaultConfigurationName = Release;
		};
		38DC0A9220332E2500F56EA6 /* Build configuration list for PBXNativeTarget "BcTests" */ = {
			isa = XCConfigurationList;
			buildConfigurations = (
				38DC0A9320332E2500F56EA6 /* Debug */,
				38DC0A9420332E2500F56EA6 /* Release */,
			);
			defaultConfigurationIsVisible = 0;
			defaultConfigurationName = Release;
		};
/* End XCConfigurationList section */
	};
	rootObject = 38DC0A6A20332E2400F56EA6 /* Project object */;
}
